{
    "_readme": [
        "This file locks the dependencies of your project to a known state",
        "Read more about it at https://getcomposer.org/doc/01-basic-usage.md#installing-dependencies",
        "This file is @generated automatically"
    ],
    "content-hash": "8a86b5f7d3c12c1695b889b1c52eb9bd",
    "packages": [
        {
            "name": "netzkollektiv/ratenkaufbyeasycredit-payment-api-v3-php",
            "version": "dev-legacy-test",
            "source": {
                "type": "git",
                "url": "https://github.com/netzkollektiv/ratenkaufbyeasycredit-api-v3-php.git",
                "reference": "931b2800d4543e970797591ee4897caefa6ad2d9"
            },
            "dist": {
                "type": "zip",
                "url": "https://api.github.com/repos/netzkollektiv/ratenkaufbyeasycredit-api-v3-php/zipball/931b2800d4543e970797591ee4897caefa6ad2d9",
                "reference": "931b2800d4543e970797591ee4897caefa6ad2d9",
                "shasum": ""
            },
            "require": {
                "ext-curl": "*",
                "ext-json": "*",
                "ext-mbstring": "*",
                "guzzlehttp/psr7": "*",
                "php": ">= 5.6",
                "psr/http-client": "*"
            },
            "require-dev": {
                "friendsofphp/php-cs-fixer": "^2.12",
                "phpunit/phpunit": "^8.0 || ^9.0"
            },
            "type": "library",
            "autoload": {
                "psr-4": {
                    "Teambank\\RatenkaufByEasyCreditApiV3\\": "src//"
                }
            },
            "autoload-dev": {
                "psr-4": {
                    "Teambank\\RatenkaufByEasyCreditApiV3\\Test\\": "test/"
                }
            },
            "license": [
                "MIT"
            ],
            "authors": [
                {
                    "name": "NETZKOLLEKTIV GmbH",
                    "homepage": "https://netzkollektiv.com"
                },
                {
                    "name": "OpenAPI-Generator contributors",
                    "homepage": "https://openapi-generator.tech"
                }
            ],
            "description": "Transaction-V3 API for Merchant Portal",
            "homepage": "https://github.com/netzkollektiv/ratenkaufbyeasycredit-api-v3",
            "keywords": [
                "api",
                "easycredit",
                "php",
                "ratenkauf",
                "ratenkaufbyeasycredit",
                "rest",
                "sdk"
            ],
            "support": {
                "source": "https://github.com/netzkollektiv/ratenkaufbyeasycredit-api-v3-php/tree/legacy-test",
                "issues": "https://github.com/netzkollektiv/ratenkaufbyeasycredit-api-v3-php/issues"
            },
            "time": "2022-02-24T11:01:24+00:00"
        },
        {
            "name": "psr/http-client",
            "version": "1.0.1",
            "source": {
                "type": "git",
                "url": "https://github.com/php-fig/http-client.git",
                "reference": "2dfb5f6c5eff0e91e20e913f8c5452ed95b86621"
            },
            "dist": {
                "type": "zip",
                "url": "https://api.github.com/repos/php-fig/http-client/zipball/2dfb5f6c5eff0e91e20e913f8c5452ed95b86621",
                "reference": "2dfb5f6c5eff0e91e20e913f8c5452ed95b86621",
                "shasum": ""
            },
            "require": {
                "php": "^7.0 || ^8.0",
                "psr/http-message": "^1.0"
            },
            "type": "library",
            "extra": {
                "branch-alias": {
                    "dev-master": "1.0.x-dev"
                }
            },
            "autoload": {
                "psr-4": {
                    "Psr\\Http\\Client\\": "src/"
                }
            },
            "notification-url": "https://packagist.org/downloads/",
            "license": [
                "MIT"
            ],
            "authors": [
                {
                    "name": "PHP-FIG",
                    "homepage": "http://www.php-fig.org/"
                }
            ],
            "description": "Common interface for HTTP clients",
            "homepage": "https://github.com/php-fig/http-client",
            "keywords": [
                "http",
                "http-client",
                "psr",
                "psr-18"
            ],
            "support": {
                "source": "https://github.com/php-fig/http-client/tree/master"
            },
            "time": "2020-06-29T06:28:15+00:00"
        },
        {
            "name": "psr/http-message",
            "version": "1.0.1",
            "source": {
                "type": "git",
                "url": "https://github.com/php-fig/http-message.git",
                "reference": "f6561bf28d520154e4b0ec72be95418abe6d9363"
            },
            "dist": {
                "type": "zip",
                "url": "https://api.github.com/repos/php-fig/http-message/zipball/f6561bf28d520154e4b0ec72be95418abe6d9363",
                "reference": "f6561bf28d520154e4b0ec72be95418abe6d9363",
                "shasum": ""
            },
            "require": {
                "php": ">=5.3.0"
            },
            "type": "library",
            "extra": {
                "branch-alias": {
                    "dev-master": "1.0.x-dev"
                }
            },
            "autoload": {
                "psr-4": {
                    "Psr\\Http\\Message\\": "src/"
                }
            },
            "notification-url": "https://packagist.org/downloads/",
            "license": [
                "MIT"
            ],
            "authors": [
                {
                    "name": "PHP-FIG",
                    "homepage": "http://www.php-fig.org/"
                }
            ],
            "description": "Common interface for HTTP messages",
            "homepage": "https://github.com/php-fig/http-message",
            "keywords": [
                "http",
                "http-message",
                "psr",
                "psr-7",
                "request",
                "response"
            ],
            "support": {
                "source": "https://github.com/php-fig/http-message/tree/master"
            },
            "time": "2016-08-06T14:39:51+00:00"
        }
    ],
    "packages-dev": [],
    "aliases": [],
    "minimum-stability": "stable",
    "stability-flags": {
        "netzkollektiv/ratenkaufbyeasycredit-payment-api-v3-php": 20
    },
    "prefer-stable": false,
    "prefer-lowest": false,
    "platform": [],
    "platform-dev": [],
    "plugin-api-version": "2.1.0"
}
