{
    "_readme": [
        "This file locks the dependencies of your project to a known state",
        "Read more about it at https://getcomposer.org/doc/01-basic-usage.md#installing-dependencies",
        "This file is @generated automatically"
    ],
    "content-hash": "768af56f7ed1cf775a5ddb1db6cb57e7",
    "packages": [
        {
            "name": "guzzlehttp/psr7",
            "version": "1.8.2",
            "source": {
                "type": "git",
                "url": "https://github.com/guzzle/psr7.git",
                "reference": "dc960a912984efb74d0a90222870c72c87f10c91"
            },
            "dist": {
                "type": "zip",
                "url": "https://api.github.com/repos/guzzle/psr7/zipball/dc960a912984efb74d0a90222870c72c87f10c91",
                "reference": "dc960a912984efb74d0a90222870c72c87f10c91",
                "shasum": ""
            },
            "require": {
                "php": ">=5.4.0",
                "psr/http-message": "~1.0",
                "ralouphie/getallheaders": "^2.0.5 || ^3.0.0"
            },
            "provide": {
                "psr/http-message-implementation": "1.0"
            },
            "require-dev": {
                "ext-zlib": "*",
                "phpunit/phpunit": "~4.8.36 || ^5.7.27 || ^6.5.14 || ^7.5.20 || ^8.5.8 || ^9.3.10"
            },
            "suggest": {
                "laminas/laminas-httphandlerrunner": "Emit PSR-7 responses"
            },
            "type": "library",
            "extra": {
                "branch-alias": {
                    "dev-master": "1.7-dev"
                }
            },
            "autoload": {
                "files": [
                    "src/functions_include.php"
                ],
                "psr-4": {
                    "GuzzleHttp\\Psr7\\": "src/"
                }
            },
            "notification-url": "https://packagist.org/downloads/",
            "license": [
                "MIT"
            ],
            "authors": [
                {
                    "name": "Michael Dowling",
                    "email": "mtdowling@gmail.com",
                    "homepage": "https://github.com/mtdowling"
                },
                {
                    "name": "Tobias Schultze",
                    "homepage": "https://github.com/Tobion"
                }
            ],
            "description": "PSR-7 message implementation that also provides common utility methods",
            "keywords": [
                "http",
                "message",
                "psr-7",
                "request",
                "response",
                "stream",
                "uri",
                "url"
            ],
            "support": {
                "issues": "https://github.com/guzzle/psr7/issues",
                "source": "https://github.com/guzzle/psr7/tree/1.8.2"
            },
            "time": "2021-04-26T09:17:50+00:00"
        },
        {
            "name": "netzkollektiv/ratenkaufbyeasycredit-api-v3-php",
            "version": "1.3.1",
            "source": {
                "type": "git",
                "url": "https://github.com/netzkollektiv/ratenkaufbyeasycredit-api-v3-php.git",
                "reference": "01e2663587a037e53d08197e95a963eecb0bf1a9"
            },
            "dist": {
                "type": "zip",
                "url": "https://api.github.com/repos/netzkollektiv/ratenkaufbyeasycredit-api-v3-php/zipball/01e2663587a037e53d08197e95a963eecb0bf1a9",
                "reference": "01e2663587a037e53d08197e95a963eecb0bf1a9",
                "shasum": ""
            },
            "require": {
                "ext-curl": "*",
                "ext-json": "*",
                "ext-mbstring": "*",
                "guzzlehttp/psr7": "*",
                "php": ">= 5.6",
                "psr/http-client": "*"
            },
            "require-dev": {
                "friendsofphp/php-cs-fixer": "^2.12",
                "phpunit/phpunit": "^8.0 || ^9.0"
            },
            "type": "library",
            "autoload": {
                "psr-4": {
                    "Teambank\\RatenkaufByEasyCreditApiV3\\": "src//"
                }
            },
            "notification-url": "https://packagist.org/downloads/",
            "license": [
                "MIT"
            ],
            "authors": [
                {
                    "name": "NETZKOLLEKTIV GmbH",
                    "homepage": "https://netzkollektiv.com"
                },
                {
                    "name": "OpenAPI-Generator contributors",
                    "homepage": "https://openapi-generator.tech"
                }
            ],
            "description": "Transaction-V3 API for Merchant Portal  Ratenkauf Verkauf-V3 API for ratenkauf App  Ratenkauf Ratenrechner-V3 API for ratenkauf App",
            "homepage": "https://github.com/netzkollektiv/ratenkaufbyeasycredit-api-v3",
            "keywords": [
                "api",
                "easycredit",
                "php",
                "ratenkauf",
                "ratenkaufbyeasycredit",
                "rest",
                "sdk"
            ],
            "support": {
                "issues": "https://github.com/netzkollektiv/ratenkaufbyeasycredit-api-v3-php/issues",
                "source": "https://github.com/netzkollektiv/ratenkaufbyeasycredit-api-v3-php/tree/1.3.1"
            },
            "time": "2022-08-22T10:51:36+00:00"
        },
        {
            "name": "psr/http-client",
            "version": "1.0.1",
            "source": {
                "type": "git",
                "url": "https://github.com/php-fig/http-client.git",
                "reference": "2dfb5f6c5eff0e91e20e913f8c5452ed95b86621"
            },
            "dist": {
                "type": "zip",
                "url": "https://api.github.com/repos/php-fig/http-client/zipball/2dfb5f6c5eff0e91e20e913f8c5452ed95b86621",
                "reference": "2dfb5f6c5eff0e91e20e913f8c5452ed95b86621",
                "shasum": ""
            },
            "require": {
                "php": "^7.0 || ^8.0",
                "psr/http-message": "^1.0"
            },
            "type": "library",
            "extra": {
                "branch-alias": {
                    "dev-master": "1.0.x-dev"
                }
            },
            "autoload": {
                "psr-4": {
                    "Psr\\Http\\Client\\": "src/"
                }
            },
            "notification-url": "https://packagist.org/downloads/",
            "license": [
                "MIT"
            ],
            "authors": [
                {
                    "name": "PHP-FIG",
                    "homepage": "http://www.php-fig.org/"
                }
            ],
            "description": "Common interface for HTTP clients",
            "homepage": "https://github.com/php-fig/http-client",
            "keywords": [
                "http",
                "http-client",
                "psr",
                "psr-18"
            ],
            "support": {
                "source": "https://github.com/php-fig/http-client/tree/master"
            },
            "time": "2020-06-29T06:28:15+00:00"
        },
        {
            "name": "psr/http-message",
            "version": "1.0.1",
            "source": {
                "type": "git",
                "url": "https://github.com/php-fig/http-message.git",
                "reference": "f6561bf28d520154e4b0ec72be95418abe6d9363"
            },
            "dist": {
                "type": "zip",
                "url": "https://api.github.com/repos/php-fig/http-message/zipball/f6561bf28d520154e4b0ec72be95418abe6d9363",
                "reference": "f6561bf28d520154e4b0ec72be95418abe6d9363",
                "shasum": ""
            },
            "require": {
                "php": ">=5.3.0"
            },
            "type": "library",
            "extra": {
                "branch-alias": {
                    "dev-master": "1.0.x-dev"
                }
            },
            "autoload": {
                "psr-4": {
                    "Psr\\Http\\Message\\": "src/"
                }
            },
            "notification-url": "https://packagist.org/downloads/",
            "license": [
                "MIT"
            ],
            "authors": [
                {
                    "name": "PHP-FIG",
                    "homepage": "http://www.php-fig.org/"
                }
            ],
            "description": "Common interface for HTTP messages",
            "homepage": "https://github.com/php-fig/http-message",
            "keywords": [
                "http",
                "http-message",
                "psr",
                "psr-7",
                "request",
                "response"
            ],
            "support": {
                "source": "https://github.com/php-fig/http-message/tree/master"
            },
            "time": "2016-08-06T14:39:51+00:00"
        },
        {
            "name": "ralouphie/getallheaders",
            "version": "3.0.3",
            "source": {
                "type": "git",
                "url": "https://github.com/ralouphie/getallheaders.git",
                "reference": "120b605dfeb996808c31b6477290a714d356e822"
            },
            "dist": {
                "type": "zip",
                "url": "https://api.github.com/repos/ralouphie/getallheaders/zipball/120b605dfeb996808c31b6477290a714d356e822",
                "reference": "120b605dfeb996808c31b6477290a714d356e822",
                "shasum": ""
            },
            "require": {
                "php": ">=5.6"
            },
            "require-dev": {
                "php-coveralls/php-coveralls": "^2.1",
                "phpunit/phpunit": "^5 || ^6.5"
            },
            "type": "library",
            "autoload": {
                "files": [
                    "src/getallheaders.php"
                ]
            },
            "notification-url": "https://packagist.org/downloads/",
            "license": [
                "MIT"
            ],
            "authors": [
                {
                    "name": "Ralph Khattar",
                    "email": "ralph.khattar@gmail.com"
                }
            ],
            "description": "A polyfill for getallheaders.",
            "support": {
                "issues": "https://github.com/ralouphie/getallheaders/issues",
                "source": "https://github.com/ralouphie/getallheaders/tree/develop"
            },
            "time": "2019-03-08T08:55:37+00:00"
        }
    ],
    "packages-dev": [
        {
            "name": "phpstan/phpstan",
            "version": "1.8.2",
            "source": {
                "type": "git",
                "url": "https://github.com/phpstan/phpstan.git",
                "reference": "c53312ecc575caf07b0e90dee43883fdf90ca67c"
            },
            "dist": {
                "type": "zip",
                "url": "https://api.github.com/repos/phpstan/phpstan/zipball/c53312ecc575caf07b0e90dee43883fdf90ca67c",
                "reference": "c53312ecc575caf07b0e90dee43883fdf90ca67c",
                "shasum": ""
            },
            "require": {
                "php": "^7.2|^8.0"
            },
            "conflict": {
                "phpstan/phpstan-shim": "*"
            },
            "bin": [
                "phpstan",
                "phpstan.phar"
            ],
            "type": "library",
            "autoload": {
                "files": [
                    "bootstrap.php"
                ]
            },
            "notification-url": "https://packagist.org/downloads/",
            "license": [
                "MIT"
            ],
            "description": "PHPStan - PHP Static Analysis Tool",
            "support": {
                "issues": "https://github.com/phpstan/phpstan/issues",
                "source": "https://github.com/phpstan/phpstan/tree/1.8.2"
            },
            "funding": [
                {
                    "url": "https://github.com/ondrejmirtes",
                    "type": "github"
                },
                {
                    "url": "https://github.com/phpstan",
                    "type": "github"
                },
                {
                    "url": "https://www.patreon.com/phpstan",
                    "type": "patreon"
                },
                {
                    "url": "https://tidelift.com/funding/github/packagist/phpstan/phpstan",
                    "type": "tidelift"
                }
            ],
            "time": "2022-07-20T09:57:31+00:00"
        },
        {
            "name": "phpstan/phpstan-doctrine",
            "version": "1.3.12",
            "source": {
                "type": "git",
                "url": "https://github.com/phpstan/phpstan-doctrine.git",
                "reference": "c5ec462889f3bcee32be57ff26f775295836c173"
            },
            "dist": {
                "type": "zip",
                "url": "https://api.github.com/repos/phpstan/phpstan-doctrine/zipball/c5ec462889f3bcee32be57ff26f775295836c173",
                "reference": "c5ec462889f3bcee32be57ff26f775295836c173",
                "shasum": ""
            },
            "require": {
                "php": "^7.2 || ^8.0",
                "phpstan/phpstan": "^1.8.0"
            },
            "conflict": {
                "doctrine/collections": "<1.0",
                "doctrine/common": "<2.7",
                "doctrine/mongodb-odm": "<1.2",
                "doctrine/orm": "<2.5",
                "doctrine/persistence": "<1.3"
            },
            "require-dev": {
                "doctrine/annotations": "^1.11.0",
                "doctrine/collections": "^1.6",
                "doctrine/common": "^2.7 || ^3.0",
                "doctrine/dbal": "^2.13.8 || ^3.3.3",
                "doctrine/lexer": "^1.2.1",
                "doctrine/mongodb-odm": "^1.3 || ^2.1",
                "doctrine/orm": "^2.11.0",
                "doctrine/persistence": "^1.3.8 || ^2.2.1",
                "nesbot/carbon": "^2.49",
                "nikic/php-parser": "^4.13.2",
                "php-parallel-lint/php-parallel-lint": "^1.2",
                "phpstan/phpstan-phpunit": "^1.0",
                "phpstan/phpstan-strict-rules": "^1.0",
                "phpunit/phpunit": "^9.5.10",
                "ramsey/uuid-doctrine": "^1.5.0",
                "symfony/cache": "^4.4.35"
            },
            "type": "phpstan-extension",
            "extra": {
                "phpstan": {
                    "includes": [
                        "extension.neon",
                        "rules.neon"
                    ]
                }
            },
            "autoload": {
                "psr-4": {
                    "PHPStan\\": "src/"
                }
            },
            "notification-url": "https://packagist.org/downloads/",
            "license": [
                "MIT"
            ],
            "description": "Doctrine extensions for PHPStan",
            "support": {
                "issues": "https://github.com/phpstan/phpstan-doctrine/issues",
                "source": "https://github.com/phpstan/phpstan-doctrine/tree/1.3.12"
            },
            "time": "2022-08-08T18:06:58+00:00"
        }
    ],
    "aliases": [],
    "minimum-stability": "stable",
    "stability-flags": [],
    "prefer-stable": false,
    "prefer-lowest": false,
    "platform": [],
    "platform-dev": [],
    "plugin-api-version": "2.2.0"
}
